
Microsoft Visual Studio Solution File, Format Version 12.00
# Visual Studio Version 16
VisualStudioVersion = 16.0.30114.105
MinimumVisualStudioVersion = 10.0.40219.1
Project("{FAE04EC0-301F-11D3-BF4B-00C04F79EFBC}") = "API", "API\API.csproj", "{52A6D765-1497-40EE-A1BF-67D987281C62}"
EndProject
Project("{FAE04EC0-301F-11D3-BF4B-00C04F79EFBC}") = "Application", "Application\Application.csproj", "{2E39F2A6-56FA-4873-A547-F003C1DBA3AB}"
EndProject
Project("{FAE04EC0-301F-11D3-BF4B-00C04F79EFBC}") = "Persistance", "Persistance\Persistance.csproj", "{9FEF014D-D627-49BE-8C42-D5EE12AE99FF}"
EndProject
Project("{FAE04EC0-301F-11D3-BF4B-00C04F79EFBC}") = "Domain", "Domain\Domain.csproj", "{27C57769-08BD-4415-8689-E31F655524AA}"
EndProject
Global
	GlobalSection(SolutionConfigurationPlatforms) = preSolution
		Debug|Any CPU = Debug|Any CPU
		Debug|x64 = Debug|x64
		Debug|x86 = Debug|x86
		Release|Any CPU = Release|Any CPU
		Release|x64 = Release|x64
		Release|x86 = Release|x86
	EndGlobalSection
	GlobalSection(SolutionProperties) = preSolution
		HideSolutionNode = FALSE
	EndGlobalSection
	GlobalSection(ProjectConfigurationPlatforms) = postSolution
		{52A6D765-1497-40EE-A1BF-67D987281C62}.Debug|Any CPU.ActiveCfg = Debug|Any CPU
		{52A6D765-1497-40EE-A1BF-67D987281C62}.Debug|Any CPU.Build.0 = Debug|Any CPU
		{52A6D765-1497-40EE-A1BF-67D987281C62}.Debug|x64.ActiveCfg = Debug|Any CPU
		{52A6D765-1497-40EE-A1BF-67D987281C62}.Debug|x64.Build.0 = Debug|Any CPU
		{52A6D765-1497-40EE-A1BF-67D987281C62}.Debug|x86.ActiveCfg = Debug|Any CPU
		{52A6D765-1497-40EE-A1BF-67D987281C62}.Debug|x86.Build.0 = Debug|Any CPU
		{52A6D765-1497-40EE-A1BF-67D987281C62}.Release|Any CPU.ActiveCfg = Release|Any CPU
		{52A6D765-1497-40EE-A1BF-67D987281C62}.Release|Any CPU.Build.0 = Release|Any CPU
		{52A6D765-1497-40EE-A1BF-67D987281C62}.Release|x64.ActiveCfg = Release|Any CPU
		{52A6D765-1497-40EE-A1BF-67D987281C62}.Release|x64.Build.0 = Release|Any CPU
		{52A6D765-1497-40EE-A1BF-67D987281C62}.Release|x86.ActiveCfg = Release|Any CPU
		{52A6D765-1497-40EE-A1BF-67D987281C62}.Release|x86.Build.0 = Release|Any CPU
		{2E39F2A6-56FA-4873-A547-F003C1DBA3AB}.Debug|Any CPU.ActiveCfg = Debug|Any CPU
		{2E39F2A6-56FA-4873-A547-F003C1DBA3AB}.Debug|Any CPU.Build.0 = Debug|Any CPU
		{2E39F2A6-56FA-4873-A547-F003C1DBA3AB}.Debug|x64.ActiveCfg = Debug|Any CPU
		{2E39F2A6-56FA-4873-A547-F003C1DBA3AB}.Debug|x64.Build.0 = Debug|Any CPU
		{2E39F2A6-56FA-4873-A547-F003C1DBA3AB}.Debug|x86.ActiveCfg = Debug|Any CPU
		{2E39F2A6-56FA-4873-A547-F003C1DBA3AB}.Debug|x86.Build.0 = Debug|Any CPU
		{2E39F2A6-56FA-4873-A547-F003C1DBA3AB}.Release|Any CPU.ActiveCfg = Release|Any CPU
		{2E39F2A6-56FA-4873-A547-F003C1DBA3AB}.Release|Any CPU.Build.0 = Release|Any CPU
		{2E39F2A6-56FA-4873-A547-F003C1DBA3AB}.Release|x64.ActiveCfg = Release|Any CPU
		{2E39F2A6-56FA-4873-A547-F003C1DBA3AB}.Release|x64.Build.0 = Release|Any CPU
		{2E39F2A6-56FA-4873-A547-F003C1DBA3AB}.Release|x86.ActiveCfg = Release|Any CPU
		{2E39F2A6-56FA-4873-A547-F003C1DBA3AB}.Release|x86.Build.0 = Release|Any CPU
		{9FEF014D-D627-49BE-8C42-D5EE12AE99FF}.Debug|Any CPU.ActiveCfg = Debug|Any CPU
		{9FEF014D-D627-49BE-8C42-D5EE12AE99FF}.Debug|Any CPU.Build.0 = Debug|Any CPU
		{9FEF014D-D627-49BE-8C42-D5EE12AE99FF}.Debug|x64.ActiveCfg = Debug|Any CPU
		{9FEF014D-D627-49BE-8C42-D5EE12AE99FF}.Debug|x64.Build.0 = Debug|Any CPU
		{9FEF014D-D627-49BE-8C42-D5EE12AE99FF}.Debug|x86.ActiveCfg = Debug|Any CPU
		{9FEF014D-D627-49BE-8C42-D5EE12AE99FF}.Debug|x86.Build.0 = Debug|Any CPU
		{9FEF014D-D627-49BE-8C42-D5EE12AE99FF}.Release|Any CPU.ActiveCfg = Release|Any CPU
		{9FEF014D-D627-49BE-8C42-D5EE12AE99FF}.Release|Any CPU.Build.0 = Release|Any CPU
		{9FEF014D-D627-49BE-8C42-D5EE12AE99FF}.Release|x64.ActiveCfg = Release|Any CPU
		{9FEF014D-D627-49BE-8C42-D5EE12AE99FF}.Release|x64.Build.0 = Release|Any CPU
		{9FEF014D-D627-49BE-8C42-D5EE12AE99FF}.Release|x86.ActiveCfg = Release|Any CPU
		{9FEF014D-D627-49BE-8C42-D5EE12AE99FF}.Release|x86.Build.0 = Release|Any CPU
		{27C57769-08BD-4415-8689-E31F655524AA}.Debug|Any CPU.ActiveCfg = Debug|Any CPU
		{27C57769-08BD-4415-8689-E31F655524AA}.Debug|Any CPU.Build.0 = Debug|Any CPU
		{27C57769-08BD-4415-8689-E31F655524AA}.Debug|x64.ActiveCfg = Debug|Any CPU
		{27C57769-08BD-4415-8689-E31F655524AA}.Debug|x64.Build.0 = Debug|Any CPU
		{27C57769-08BD-4415-8689-E31F655524AA}.Debug|x86.ActiveCfg = Debug|Any CPU
		{27C57769-08BD-4415-8689-E31F655524AA}.Debug|x86.Build.0 = Debug|Any CPU
		{27C57769-08BD-4415-8689-E31F655524AA}.Release|Any CPU.ActiveCfg = Release|Any CPU
		{27C57769-08BD-4415-8689-E31F655524AA}.Release|Any CPU.Build.0 = Release|Any CPU
		{27C57769-08BD-4415-8689-E31F655524AA}.Release|x64.ActiveCfg = Release|Any CPU
		{27C57769-08BD-4415-8689-E31F655524AA}.Release|x64.Build.0 = Release|Any CPU
		{27C57769-08BD-4415-8689-E31F655524AA}.Release|x86.ActiveCfg = Release|Any CPU
		{27C57769-08BD-4415-8689-E31F655524AA}.Release|x86.Build.0 = Release|Any CPU
	EndGlobalSection
EndGlobal
